
Microsoft Visual Studio Solution File, Format Version 12.00
# Visual Studio 2013
VisualStudioVersion = 12.0.40629.0
MinimumVisualStudioVersion = 10.0.40219.1
Project("{FAE04EC0-301F-11D3-BF4B-00C04F79EFBC}") = "SampleSystem", "SampleSystem\SampleSystem.csproj", "{716E1B2B-C0F4-450F-BCD0-95CF829126B9}"
EndProject
Project("{FAE04EC0-301F-11D3-BF4B-00C04F79EFBC}") = "SampleSpecs", "SampleSpecs\SampleSpecs.csproj", "{2C743124-C1C6-4B5D-A6C5-16819A726919}"
EndProject
Global
	GlobalSection(SolutionConfigurationPlatforms) = preSolution
		Debug|Any CPU = Debug|Any CPU
		Release|Any CPU = Release|Any CPU
	EndGlobalSection
	GlobalSection(ProjectConfigurationPlatforms) = postSolution
		{716E1B2B-C0F4-450F-BCD0-95CF829126B9}.Debug|Any CPU.ActiveCfg = Debug|Any CPU
		{716E1B2B-C0F4-450F-BCD0-95CF829126B9}.Debug|Any CPU.Build.0 = Debug|Any CPU
		{716E1B2B-C0F4-450F-BCD0-95CF829126B9}.Release|Any CPU.ActiveCfg = Release|Any CPU
		{716E1B2B-C0F4-450F-BCD0-95CF829126B9}.Release|Any CPU.Build.0 = Release|Any CPU
		{2C743124-C1C6-4B5D-A6C5-16819A726919}.Debug|Any CPU.ActiveCfg = Debug|Any CPU
		{2C743124-C1C6-4B5D-A6C5-16819A726919}.Debug|Any CPU.Build.0 = Debug|Any CPU
		{2C743124-C1C6-4B5D-A6C5-16819A726919}.Release|Any CPU.ActiveCfg = Release|Any CPU
		{2C743124-C1C6-4B5D-A6C5-16819A726919}.Release|Any CPU.Build.0 = Release|Any CPU
	EndGlobalSection
	GlobalSection(SolutionProperties) = preSolution
		HideSolutionNode = FALSE
	EndGlobalSection
EndGlobal
