
Microsoft Visual Studio Solution File, Format Version 12.00
# Visual Studio 2013
VisualStudioVersion = 12.0.40629.0
MinimumVisualStudioVersion = 10.0.40219.1
Project("{FAE04EC0-301F-11D3-BF4B-00C04F79EFBC}") = "NSpec.VsAdapter", "NSpec.VsAdapter\NSpec.VsAdapter.csproj", "{29D93D95-7371-4C78-B484-4A749FDEB0FF}"
EndProject
Project("{2150E333-8FDC-42A3-9474-1A3956D46DE8}") = "Test", "Test", "{3D324323-F548-411C-A2CF-55C1C9337174}"
EndProject
Project("{FAE04EC0-301F-11D3-BF4B-00C04F79EFBC}") = "NSpec.VsAdapter.UnitTests", "Test\NSpec.VsAdapter.UnitTests\NSpec.VsAdapter.UnitTests.csproj", "{1A556ED6-FB2A-48DB-A5E0-8CD5923035AE}"
EndProject
Project("{2150E333-8FDC-42A3-9474-1A3956D46DE8}") = "Samples", "Samples", "{83BC3666-422D-4AF6-9632-390ED4B5145A}"
EndProject
Project("{FAE04EC0-301F-11D3-BF4B-00C04F79EFBC}") = "SampleSystem", "Test\Samples\SampleSystem\SampleSystem.csproj", "{716E1B2B-C0F4-450F-BCD0-95CF829126B9}"
EndProject
Project("{FAE04EC0-301F-11D3-BF4B-00C04F79EFBC}") = "SampleSpecs", "Test\Samples\SampleSpecs\SampleSpecs.csproj", "{2C743124-C1C6-4B5D-A6C5-16819A726919}"
EndProject
Project("{FAE04EC0-301F-11D3-BF4B-00C04F79EFBC}") = "NSpec.VsAdapter.Vsix", "NSpec.VsAdapter.Vsix\NSpec.VsAdapter.Vsix.csproj", "{A2140B36-73D2-4956-867E-D0F42DB67809}"
EndProject
Project("{FAE04EC0-301F-11D3-BF4B-00C04F79EFBC}") = "NSpec.VsAdapter.IntegrationTests", "Test\NSpec.VsAdapter.IntegrationTests\NSpec.VsAdapter.IntegrationTests.csproj", "{3D3C02A5-774D-4659-BDDE-3AF3CC2675CA}"
	ProjectSection(ProjectDependencies) = postProject
		{2C743124-C1C6-4B5D-A6C5-16819A726919} = {2C743124-C1C6-4B5D-A6C5-16819A726919}
		{716E1B2B-C0F4-450F-BCD0-95CF829126B9} = {716E1B2B-C0F4-450F-BCD0-95CF829126B9}
		{E17B343A-3159-4BF9-9043-A5E0F626954A} = {E17B343A-3159-4BF9-9043-A5E0F626954A}
		{B51BD897-01A8-4F16-AF5A-2A18EA1F43C3} = {B51BD897-01A8-4F16-AF5A-2A18EA1F43C3}
	EndProjectSection
EndProject
Project("{FAE04EC0-301F-11D3-BF4B-00C04F79EFBC}") = "AdHocConsoleRunner", "Test\Samples\AdHocConsoleRunner\AdHocConsoleRunner.csproj", "{FF4AD74A-0B1F-40E6-BF9A-7BC82DE96E8D}"
EndProject
Project("{FAE04EC0-301F-11D3-BF4B-00C04F79EFBC}") = "ConfigSampleSpecs", "Test\Samples\ConfigSampleSpecs\ConfigSampleSpecs.csproj", "{B51BD897-01A8-4F16-AF5A-2A18EA1F43C3}"
EndProject
Project("{FAE04EC0-301F-11D3-BF4B-00C04F79EFBC}") = "ConfigSampleSystem", "Test\Samples\ConfigSampleSystem\ConfigSampleSystem.csproj", "{E17B343A-3159-4BF9-9043-A5E0F626954A}"
EndProject
Project("{2150E333-8FDC-42A3-9474-1A3956D46DE8}") = "SolutionItems", "SolutionItems", "{5BF2F04A-F6EF-421E-964E-D19445AB5E94}"
	ProjectSection(SolutionItems) = preProject
		Test\Samples\SolutionItems\samples.runsettings = Test\Samples\SolutionItems\samples.runsettings
	EndProjectSection
EndProject
Global
	GlobalSection(SolutionConfigurationPlatforms) = preSolution
		Debug|Any CPU = Debug|Any CPU
		Release|Any CPU = Release|Any CPU
	EndGlobalSection
	GlobalSection(ProjectConfigurationPlatforms) = postSolution
		{29D93D95-7371-4C78-B484-4A749FDEB0FF}.Debug|Any CPU.ActiveCfg = Debug|Any CPU
		{29D93D95-7371-4C78-B484-4A749FDEB0FF}.Debug|Any CPU.Build.0 = Debug|Any CPU
		{29D93D95-7371-4C78-B484-4A749FDEB0FF}.Release|Any CPU.ActiveCfg = Release|Any CPU
		{29D93D95-7371-4C78-B484-4A749FDEB0FF}.Release|Any CPU.Build.0 = Release|Any CPU
		{1A556ED6-FB2A-48DB-A5E0-8CD5923035AE}.Debug|Any CPU.ActiveCfg = Debug|Any CPU
		{1A556ED6-FB2A-48DB-A5E0-8CD5923035AE}.Debug|Any CPU.Build.0 = Debug|Any CPU
		{1A556ED6-FB2A-48DB-A5E0-8CD5923035AE}.Release|Any CPU.ActiveCfg = Release|Any CPU
		{1A556ED6-FB2A-48DB-A5E0-8CD5923035AE}.Release|Any CPU.Build.0 = Release|Any CPU
		{716E1B2B-C0F4-450F-BCD0-95CF829126B9}.Debug|Any CPU.ActiveCfg = Debug|Any CPU
		{716E1B2B-C0F4-450F-BCD0-95CF829126B9}.Debug|Any CPU.Build.0 = Debug|Any CPU
		{716E1B2B-C0F4-450F-BCD0-95CF829126B9}.Release|Any CPU.ActiveCfg = Release|Any CPU
		{716E1B2B-C0F4-450F-BCD0-95CF829126B9}.Release|Any CPU.Build.0 = Release|Any CPU
		{2C743124-C1C6-4B5D-A6C5-16819A726919}.Debug|Any CPU.ActiveCfg = Debug|Any CPU
		{2C743124-C1C6-4B5D-A6C5-16819A726919}.Debug|Any CPU.Build.0 = Debug|Any CPU
		{2C743124-C1C6-4B5D-A6C5-16819A726919}.Release|Any CPU.ActiveCfg = Release|Any CPU
		{2C743124-C1C6-4B5D-A6C5-16819A726919}.Release|Any CPU.Build.0 = Release|Any CPU
		{A2140B36-73D2-4956-867E-D0F42DB67809}.Debug|Any CPU.ActiveCfg = Debug|Any CPU
		{A2140B36-73D2-4956-867E-D0F42DB67809}.Debug|Any CPU.Build.0 = Debug|Any CPU
		{A2140B36-73D2-4956-867E-D0F42DB67809}.Release|Any CPU.ActiveCfg = Release|Any CPU
		{A2140B36-73D2-4956-867E-D0F42DB67809}.Release|Any CPU.Build.0 = Release|Any CPU
		{3D3C02A5-774D-4659-BDDE-3AF3CC2675CA}.Debug|Any CPU.ActiveCfg = Debug|Any CPU
		{3D3C02A5-774D-4659-BDDE-3AF3CC2675CA}.Debug|Any CPU.Build.0 = Debug|Any CPU
		{3D3C02A5-774D-4659-BDDE-3AF3CC2675CA}.Release|Any CPU.ActiveCfg = Release|Any CPU
		{3D3C02A5-774D-4659-BDDE-3AF3CC2675CA}.Release|Any CPU.Build.0 = Release|Any CPU
		{FF4AD74A-0B1F-40E6-BF9A-7BC82DE96E8D}.Debug|Any CPU.ActiveCfg = Debug|Any CPU
		{FF4AD74A-0B1F-40E6-BF9A-7BC82DE96E8D}.Debug|Any CPU.Build.0 = Debug|Any CPU
		{FF4AD74A-0B1F-40E6-BF9A-7BC82DE96E8D}.Release|Any CPU.ActiveCfg = Release|Any CPU
		{FF4AD74A-0B1F-40E6-BF9A-7BC82DE96E8D}.Release|Any CPU.Build.0 = Release|Any CPU
		{B51BD897-01A8-4F16-AF5A-2A18EA1F43C3}.Debug|Any CPU.ActiveCfg = Debug|Any CPU
		{B51BD897-01A8-4F16-AF5A-2A18EA1F43C3}.Debug|Any CPU.Build.0 = Debug|Any CPU
		{B51BD897-01A8-4F16-AF5A-2A18EA1F43C3}.Release|Any CPU.ActiveCfg = Release|Any CPU
		{B51BD897-01A8-4F16-AF5A-2A18EA1F43C3}.Release|Any CPU.Build.0 = Release|Any CPU
		{E17B343A-3159-4BF9-9043-A5E0F626954A}.Debug|Any CPU.ActiveCfg = Debug|Any CPU
		{E17B343A-3159-4BF9-9043-A5E0F626954A}.Debug|Any CPU.Build.0 = Debug|Any CPU
		{E17B343A-3159-4BF9-9043-A5E0F626954A}.Release|Any CPU.ActiveCfg = Release|Any CPU
		{E17B343A-3159-4BF9-9043-A5E0F626954A}.Release|Any CPU.Build.0 = Release|Any CPU
	EndGlobalSection
	GlobalSection(SolutionProperties) = preSolution
		HideSolutionNode = FALSE
	EndGlobalSection
	GlobalSection(NestedProjects) = preSolution
		{1A556ED6-FB2A-48DB-A5E0-8CD5923035AE} = {3D324323-F548-411C-A2CF-55C1C9337174}
		{83BC3666-422D-4AF6-9632-390ED4B5145A} = {3D324323-F548-411C-A2CF-55C1C9337174}
		{716E1B2B-C0F4-450F-BCD0-95CF829126B9} = {83BC3666-422D-4AF6-9632-390ED4B5145A}
		{2C743124-C1C6-4B5D-A6C5-16819A726919} = {83BC3666-422D-4AF6-9632-390ED4B5145A}
		{3D3C02A5-774D-4659-BDDE-3AF3CC2675CA} = {3D324323-F548-411C-A2CF-55C1C9337174}
		{FF4AD74A-0B1F-40E6-BF9A-7BC82DE96E8D} = {83BC3666-422D-4AF6-9632-390ED4B5145A}
		{B51BD897-01A8-4F16-AF5A-2A18EA1F43C3} = {83BC3666-422D-4AF6-9632-390ED4B5145A}
		{E17B343A-3159-4BF9-9043-A5E0F626954A} = {83BC3666-422D-4AF6-9632-390ED4B5145A}
		{5BF2F04A-F6EF-421E-964E-D19445AB5E94} = {83BC3666-422D-4AF6-9632-390ED4B5145A}
	EndGlobalSection
EndGlobal
