
Microsoft Visual Studio Solution File, Format Version 12.00
# Visual Studio 2013
VisualStudioVersion = 12.0.40629.0
MinimumVisualStudioVersion = 10.0.40219.1
Project("{FAE04EC0-301F-11D3-BF4B-00C04F79EFBC}") = "SampleSystem", "src\SampleSystem\SampleSystem.csproj", "{716E1B2B-C0F4-450F-BCD0-95CF829126B9}"
EndProject
Project("{FAE04EC0-301F-11D3-BF4B-00C04F79EFBC}") = "SampleSpecs", "test\SampleSpecs\SampleSpecs.csproj", "{2C743124-C1C6-4B5D-A6C5-16819A726919}"
EndProject
Project("{FAE04EC0-301F-11D3-BF4B-00C04F79EFBC}") = "ConfigSampleSystem", "src\ConfigSampleSystem\ConfigSampleSystem.csproj", "{E17B343A-3159-4BF9-9043-A5E0F626954A}"
EndProject
Project("{FAE04EC0-301F-11D3-BF4B-00C04F79EFBC}") = "ConfigSampleSpecs", "test\ConfigSampleSpecs\ConfigSampleSpecs.csproj", "{B51BD897-01A8-4F16-AF5A-2A18EA1F43C3}"
EndProject
Project("{FAE04EC0-301F-11D3-BF4B-00C04F79EFBC}") = "AdHocConsoleRunner", "test\AdHocConsoleRunner\AdHocConsoleRunner.csproj", "{FF4AD74A-0B1F-40E6-BF9A-7BC82DE96E8D}"
EndProject
Project("{2150E333-8FDC-42A3-9474-1A3956D46DE8}") = "Solution Items", "Solution Items", "{34F9A67E-68F1-4AAC-A3EE-272428AC7968}"
	ProjectSection(SolutionItems) = preProject
		SolutionItems\samples.runsettings = SolutionItems\samples.runsettings
	EndProjectSection
EndProject
Project("{FAE04EC0-301F-11D3-BF4B-00C04F79EFBC}") = "SampleAsyncSystem", "src\SampleAsyncSystem\SampleAsyncSystem.csproj", "{D96265E1-ECAE-4FEB-B9D4-9BAE991D6FCF}"
EndProject
Project("{FAE04EC0-301F-11D3-BF4B-00C04F79EFBC}") = "SampleAsyncSpecs", "test\SampleAsyncSpecs\SampleAsyncSpecs.csproj", "{80876E7D-9EF1-48FF-BA0F-F0EFF0AE098A}"
EndProject
Project("{2150E333-8FDC-42A3-9474-1A3956D46DE8}") = "src", "src", "{04213045-0AD4-4A81-9C17-D2611A998361}"
EndProject
Project("{2150E333-8FDC-42A3-9474-1A3956D46DE8}") = "test", "test", "{EFF5FA0F-11A1-48A7-AB2C-7A9A2B2803EA}"
EndProject
Global
	GlobalSection(SolutionConfigurationPlatforms) = preSolution
		Debug|Any CPU = Debug|Any CPU
		Release|Any CPU = Release|Any CPU
	EndGlobalSection
	GlobalSection(ProjectConfigurationPlatforms) = postSolution
		{716E1B2B-C0F4-450F-BCD0-95CF829126B9}.Debug|Any CPU.ActiveCfg = Debug|Any CPU
		{716E1B2B-C0F4-450F-BCD0-95CF829126B9}.Debug|Any CPU.Build.0 = Debug|Any CPU
		{716E1B2B-C0F4-450F-BCD0-95CF829126B9}.Release|Any CPU.ActiveCfg = Release|Any CPU
		{716E1B2B-C0F4-450F-BCD0-95CF829126B9}.Release|Any CPU.Build.0 = Release|Any CPU
		{2C743124-C1C6-4B5D-A6C5-16819A726919}.Debug|Any CPU.ActiveCfg = Debug|Any CPU
		{2C743124-C1C6-4B5D-A6C5-16819A726919}.Debug|Any CPU.Build.0 = Debug|Any CPU
		{2C743124-C1C6-4B5D-A6C5-16819A726919}.Release|Any CPU.ActiveCfg = Release|Any CPU
		{2C743124-C1C6-4B5D-A6C5-16819A726919}.Release|Any CPU.Build.0 = Release|Any CPU
		{E17B343A-3159-4BF9-9043-A5E0F626954A}.Debug|Any CPU.ActiveCfg = Debug|Any CPU
		{E17B343A-3159-4BF9-9043-A5E0F626954A}.Debug|Any CPU.Build.0 = Debug|Any CPU
		{E17B343A-3159-4BF9-9043-A5E0F626954A}.Release|Any CPU.ActiveCfg = Release|Any CPU
		{E17B343A-3159-4BF9-9043-A5E0F626954A}.Release|Any CPU.Build.0 = Release|Any CPU
		{B51BD897-01A8-4F16-AF5A-2A18EA1F43C3}.Debug|Any CPU.ActiveCfg = Debug|Any CPU
		{B51BD897-01A8-4F16-AF5A-2A18EA1F43C3}.Debug|Any CPU.Build.0 = Debug|Any CPU
		{B51BD897-01A8-4F16-AF5A-2A18EA1F43C3}.Release|Any CPU.ActiveCfg = Release|Any CPU
		{B51BD897-01A8-4F16-AF5A-2A18EA1F43C3}.Release|Any CPU.Build.0 = Release|Any CPU
		{FF4AD74A-0B1F-40E6-BF9A-7BC82DE96E8D}.Debug|Any CPU.ActiveCfg = Debug|Any CPU
		{FF4AD74A-0B1F-40E6-BF9A-7BC82DE96E8D}.Debug|Any CPU.Build.0 = Debug|Any CPU
		{FF4AD74A-0B1F-40E6-BF9A-7BC82DE96E8D}.Release|Any CPU.ActiveCfg = Release|Any CPU
		{FF4AD74A-0B1F-40E6-BF9A-7BC82DE96E8D}.Release|Any CPU.Build.0 = Release|Any CPU
		{D96265E1-ECAE-4FEB-B9D4-9BAE991D6FCF}.Debug|Any CPU.ActiveCfg = Debug|Any CPU
		{D96265E1-ECAE-4FEB-B9D4-9BAE991D6FCF}.Debug|Any CPU.Build.0 = Debug|Any CPU
		{D96265E1-ECAE-4FEB-B9D4-9BAE991D6FCF}.Release|Any CPU.ActiveCfg = Release|Any CPU
		{D96265E1-ECAE-4FEB-B9D4-9BAE991D6FCF}.Release|Any CPU.Build.0 = Release|Any CPU
		{80876E7D-9EF1-48FF-BA0F-F0EFF0AE098A}.Debug|Any CPU.ActiveCfg = Debug|Any CPU
		{80876E7D-9EF1-48FF-BA0F-F0EFF0AE098A}.Debug|Any CPU.Build.0 = Debug|Any CPU
		{80876E7D-9EF1-48FF-BA0F-F0EFF0AE098A}.Release|Any CPU.ActiveCfg = Release|Any CPU
		{80876E7D-9EF1-48FF-BA0F-F0EFF0AE098A}.Release|Any CPU.Build.0 = Release|Any CPU
	EndGlobalSection
	GlobalSection(SolutionProperties) = preSolution
		HideSolutionNode = FALSE
	EndGlobalSection
	GlobalSection(NestedProjects) = preSolution
		{716E1B2B-C0F4-450F-BCD0-95CF829126B9} = {04213045-0AD4-4A81-9C17-D2611A998361}
		{2C743124-C1C6-4B5D-A6C5-16819A726919} = {EFF5FA0F-11A1-48A7-AB2C-7A9A2B2803EA}
		{E17B343A-3159-4BF9-9043-A5E0F626954A} = {04213045-0AD4-4A81-9C17-D2611A998361}
		{B51BD897-01A8-4F16-AF5A-2A18EA1F43C3} = {EFF5FA0F-11A1-48A7-AB2C-7A9A2B2803EA}
		{FF4AD74A-0B1F-40E6-BF9A-7BC82DE96E8D} = {EFF5FA0F-11A1-48A7-AB2C-7A9A2B2803EA}
		{D96265E1-ECAE-4FEB-B9D4-9BAE991D6FCF} = {04213045-0AD4-4A81-9C17-D2611A998361}
		{80876E7D-9EF1-48FF-BA0F-F0EFF0AE098A} = {EFF5FA0F-11A1-48A7-AB2C-7A9A2B2803EA}
	EndGlobalSection
EndGlobal
