
Microsoft Visual Studio Solution File, Format Version 12.00
# Visual Studio 2013
VisualStudioVersion = 12.0.40629.0
MinimumVisualStudioVersion = 10.0.40219.1
Project("{2150E333-8FDC-42A3-9474-1A3956D46DE8}") = "test", "test", "{3D324323-F548-411C-A2CF-55C1C9337174}"
EndProject
Project("{2150E333-8FDC-42A3-9474-1A3956D46DE8}") = "Samples", "Samples", "{83BC3666-422D-4AF6-9632-390ED4B5145A}"
EndProject
Project("{2150E333-8FDC-42A3-9474-1A3956D46DE8}") = "Test Solution Items", "Test Solution Items", "{5BF2F04A-F6EF-421E-964E-D19445AB5E94}"
	ProjectSection(SolutionItems) = preProject
		test\Samples\samples.runsettings = test\Samples\samples.runsettings
	EndProjectSection
EndProject
Project("{2150E333-8FDC-42A3-9474-1A3956D46DE8}") = "Solution Items", "Solution Items", "{7601B71F-97E7-429D-8CCB-1C81EDFD45DB}"
	ProjectSection(SolutionItems) = preProject
		NSpecVsAdapterLogo90x90.png = NSpecVsAdapterLogo90x90.png
		SharedAssemblyInfo.cs = SharedAssemblyInfo.cs
	EndProjectSection
EndProject
Project("{2150E333-8FDC-42A3-9474-1A3956D46DE8}") = "src", "src", "{F84D4F30-716D-49AA-B552-DF13539C757E}"
EndProject
Project("{FAE04EC0-301F-11D3-BF4B-00C04F79EFBC}") = "NSpec.VsAdapter", "src\NSpec.VsAdapter\NSpec.VsAdapter.csproj", "{29D93D95-7371-4C78-B484-4A749FDEB0FF}"
EndProject
Project("{FAE04EC0-301F-11D3-BF4B-00C04F79EFBC}") = "NSpec.VsAdapter.Vsix", "src\NSpec.VsAdapter.Vsix\NSpec.VsAdapter.Vsix.csproj", "{A2140B36-73D2-4956-867E-D0F42DB67809}"
EndProject
Project("{FAE04EC0-301F-11D3-BF4B-00C04F79EFBC}") = "NSpec.VsAdapter.UnitTests", "test\NSpec.VsAdapter.UnitTests\NSpec.VsAdapter.UnitTests.csproj", "{1A556ED6-FB2A-48DB-A5E0-8CD5923035AE}"
EndProject
Project("{FAE04EC0-301F-11D3-BF4B-00C04F79EFBC}") = "NSpec.VsAdapter.IntegrationTests", "test\NSpec.VsAdapter.IntegrationTests\NSpec.VsAdapter.IntegrationTests.csproj", "{3D3C02A5-774D-4659-BDDE-3AF3CC2675CA}"
	ProjectSection(ProjectDependencies) = postProject
		{2C743124-C1C6-4B5D-A6C5-16819A726919} = {2C743124-C1C6-4B5D-A6C5-16819A726919}
		{716E1B2B-C0F4-450F-BCD0-95CF829126B9} = {716E1B2B-C0F4-450F-BCD0-95CF829126B9}
		{E17B343A-3159-4BF9-9043-A5E0F626954A} = {E17B343A-3159-4BF9-9043-A5E0F626954A}
		{80876E7D-9EF1-48FF-BA0F-F0EFF0AE098A} = {80876E7D-9EF1-48FF-BA0F-F0EFF0AE098A}
		{B51BD897-01A8-4F16-AF5A-2A18EA1F43C3} = {B51BD897-01A8-4F16-AF5A-2A18EA1F43C3}
		{D96265E1-ECAE-4FEB-B9D4-9BAE991D6FCF} = {D96265E1-ECAE-4FEB-B9D4-9BAE991D6FCF}
	EndProjectSection
EndProject
Project("{FAE04EC0-301F-11D3-BF4B-00C04F79EFBC}") = "SampleSystem", "test\Samples\src\SampleSystem\SampleSystem.csproj", "{716E1B2B-C0F4-450F-BCD0-95CF829126B9}"
EndProject
Project("{FAE04EC0-301F-11D3-BF4B-00C04F79EFBC}") = "SampleSpecs", "test\Samples\test\SampleSpecs\SampleSpecs.csproj", "{2C743124-C1C6-4B5D-A6C5-16819A726919}"
EndProject
Project("{FAE04EC0-301F-11D3-BF4B-00C04F79EFBC}") = "SampleAsyncSystem", "test\Samples\src\SampleAsyncSystem\SampleAsyncSystem.csproj", "{D96265E1-ECAE-4FEB-B9D4-9BAE991D6FCF}"
EndProject
Project("{FAE04EC0-301F-11D3-BF4B-00C04F79EFBC}") = "SampleAsyncSpecs", "test\Samples\test\SampleAsyncSpecs\SampleAsyncSpecs.csproj", "{80876E7D-9EF1-48FF-BA0F-F0EFF0AE098A}"
EndProject
Project("{FAE04EC0-301F-11D3-BF4B-00C04F79EFBC}") = "ConfigSampleSystem", "test\Samples\src\ConfigSampleSystem\ConfigSampleSystem.csproj", "{E17B343A-3159-4BF9-9043-A5E0F626954A}"
EndProject
Project("{FAE04EC0-301F-11D3-BF4B-00C04F79EFBC}") = "ConfigSampleSpecs", "test\Samples\test\ConfigSampleSpecs\ConfigSampleSpecs.csproj", "{B51BD897-01A8-4F16-AF5A-2A18EA1F43C3}"
EndProject
Project("{FAE04EC0-301F-11D3-BF4B-00C04F79EFBC}") = "AdHocConsoleRunner", "test\Samples\test\AdHocConsoleRunner\AdHocConsoleRunner.csproj", "{FF4AD74A-0B1F-40E6-BF9A-7BC82DE96E8D}"
EndProject
Project("{2150E333-8FDC-42A3-9474-1A3956D46DE8}") = "src", "src", "{0F8197F5-69C1-48A4-A52E-FAD21EBD30D0}"
EndProject
Project("{2150E333-8FDC-42A3-9474-1A3956D46DE8}") = "test", "test", "{4B912E41-B967-4AA4-90DD-8951B964DC9F}"
EndProject
Project("{2150E333-8FDC-42A3-9474-1A3956D46DE8}") = "Repository Items", "Repository Items", "{A464FD79-D910-461C-AB8E-7691EA8EDB2D}"
	ProjectSection(SolutionItems) = preProject
		..\LICENSE.txt = ..\LICENSE.txt
	EndProjectSection
EndProject
Project("{2150E333-8FDC-42A3-9474-1A3956D46DE8}") = ".nuget", ".nuget", "{B12697A8-65AF-413B-9948-5D25607D5116}"
	ProjectSection(SolutionItems) = preProject
		.nuget\packages.config = .nuget\packages.config
	EndProjectSection
EndProject
Global
	GlobalSection(SolutionConfigurationPlatforms) = preSolution
		Debug|Any CPU = Debug|Any CPU
		Release|Any CPU = Release|Any CPU
	EndGlobalSection
	GlobalSection(ProjectConfigurationPlatforms) = postSolution
		{29D93D95-7371-4C78-B484-4A749FDEB0FF}.Debug|Any CPU.ActiveCfg = Debug|Any CPU
		{29D93D95-7371-4C78-B484-4A749FDEB0FF}.Debug|Any CPU.Build.0 = Debug|Any CPU
		{29D93D95-7371-4C78-B484-4A749FDEB0FF}.Release|Any CPU.ActiveCfg = Release|Any CPU
		{29D93D95-7371-4C78-B484-4A749FDEB0FF}.Release|Any CPU.Build.0 = Release|Any CPU
		{A2140B36-73D2-4956-867E-D0F42DB67809}.Debug|Any CPU.ActiveCfg = Debug|Any CPU
		{A2140B36-73D2-4956-867E-D0F42DB67809}.Debug|Any CPU.Build.0 = Debug|Any CPU
		{A2140B36-73D2-4956-867E-D0F42DB67809}.Release|Any CPU.ActiveCfg = Release|Any CPU
		{A2140B36-73D2-4956-867E-D0F42DB67809}.Release|Any CPU.Build.0 = Release|Any CPU
		{1A556ED6-FB2A-48DB-A5E0-8CD5923035AE}.Debug|Any CPU.ActiveCfg = Debug|Any CPU
		{1A556ED6-FB2A-48DB-A5E0-8CD5923035AE}.Debug|Any CPU.Build.0 = Debug|Any CPU
		{1A556ED6-FB2A-48DB-A5E0-8CD5923035AE}.Release|Any CPU.ActiveCfg = Release|Any CPU
		{1A556ED6-FB2A-48DB-A5E0-8CD5923035AE}.Release|Any CPU.Build.0 = Release|Any CPU
		{3D3C02A5-774D-4659-BDDE-3AF3CC2675CA}.Debug|Any CPU.ActiveCfg = Debug|Any CPU
		{3D3C02A5-774D-4659-BDDE-3AF3CC2675CA}.Debug|Any CPU.Build.0 = Debug|Any CPU
		{3D3C02A5-774D-4659-BDDE-3AF3CC2675CA}.Release|Any CPU.ActiveCfg = Release|Any CPU
		{3D3C02A5-774D-4659-BDDE-3AF3CC2675CA}.Release|Any CPU.Build.0 = Release|Any CPU
		{716E1B2B-C0F4-450F-BCD0-95CF829126B9}.Debug|Any CPU.ActiveCfg = Debug|Any CPU
		{716E1B2B-C0F4-450F-BCD0-95CF829126B9}.Debug|Any CPU.Build.0 = Debug|Any CPU
		{716E1B2B-C0F4-450F-BCD0-95CF829126B9}.Release|Any CPU.ActiveCfg = Release|Any CPU
		{716E1B2B-C0F4-450F-BCD0-95CF829126B9}.Release|Any CPU.Build.0 = Release|Any CPU
		{2C743124-C1C6-4B5D-A6C5-16819A726919}.Debug|Any CPU.ActiveCfg = Debug|Any CPU
		{2C743124-C1C6-4B5D-A6C5-16819A726919}.Debug|Any CPU.Build.0 = Debug|Any CPU
		{2C743124-C1C6-4B5D-A6C5-16819A726919}.Release|Any CPU.ActiveCfg = Release|Any CPU
		{2C743124-C1C6-4B5D-A6C5-16819A726919}.Release|Any CPU.Build.0 = Release|Any CPU
		{D96265E1-ECAE-4FEB-B9D4-9BAE991D6FCF}.Debug|Any CPU.ActiveCfg = Debug|Any CPU
		{D96265E1-ECAE-4FEB-B9D4-9BAE991D6FCF}.Debug|Any CPU.Build.0 = Debug|Any CPU
		{D96265E1-ECAE-4FEB-B9D4-9BAE991D6FCF}.Release|Any CPU.ActiveCfg = Release|Any CPU
		{D96265E1-ECAE-4FEB-B9D4-9BAE991D6FCF}.Release|Any CPU.Build.0 = Release|Any CPU
		{80876E7D-9EF1-48FF-BA0F-F0EFF0AE098A}.Debug|Any CPU.ActiveCfg = Debug|Any CPU
		{80876E7D-9EF1-48FF-BA0F-F0EFF0AE098A}.Debug|Any CPU.Build.0 = Debug|Any CPU
		{80876E7D-9EF1-48FF-BA0F-F0EFF0AE098A}.Release|Any CPU.ActiveCfg = Release|Any CPU
		{80876E7D-9EF1-48FF-BA0F-F0EFF0AE098A}.Release|Any CPU.Build.0 = Release|Any CPU
		{E17B343A-3159-4BF9-9043-A5E0F626954A}.Debug|Any CPU.ActiveCfg = Debug|Any CPU
		{E17B343A-3159-4BF9-9043-A5E0F626954A}.Debug|Any CPU.Build.0 = Debug|Any CPU
		{E17B343A-3159-4BF9-9043-A5E0F626954A}.Release|Any CPU.ActiveCfg = Release|Any CPU
		{E17B343A-3159-4BF9-9043-A5E0F626954A}.Release|Any CPU.Build.0 = Release|Any CPU
		{B51BD897-01A8-4F16-AF5A-2A18EA1F43C3}.Debug|Any CPU.ActiveCfg = Debug|Any CPU
		{B51BD897-01A8-4F16-AF5A-2A18EA1F43C3}.Debug|Any CPU.Build.0 = Debug|Any CPU
		{B51BD897-01A8-4F16-AF5A-2A18EA1F43C3}.Release|Any CPU.ActiveCfg = Release|Any CPU
		{B51BD897-01A8-4F16-AF5A-2A18EA1F43C3}.Release|Any CPU.Build.0 = Release|Any CPU
		{FF4AD74A-0B1F-40E6-BF9A-7BC82DE96E8D}.Debug|Any CPU.ActiveCfg = Debug|Any CPU
		{FF4AD74A-0B1F-40E6-BF9A-7BC82DE96E8D}.Debug|Any CPU.Build.0 = Debug|Any CPU
		{FF4AD74A-0B1F-40E6-BF9A-7BC82DE96E8D}.Release|Any CPU.ActiveCfg = Release|Any CPU
		{FF4AD74A-0B1F-40E6-BF9A-7BC82DE96E8D}.Release|Any CPU.Build.0 = Release|Any CPU
	EndGlobalSection
	GlobalSection(SolutionProperties) = preSolution
		HideSolutionNode = FALSE
	EndGlobalSection
	GlobalSection(NestedProjects) = preSolution
		{83BC3666-422D-4AF6-9632-390ED4B5145A} = {3D324323-F548-411C-A2CF-55C1C9337174}
		{5BF2F04A-F6EF-421E-964E-D19445AB5E94} = {83BC3666-422D-4AF6-9632-390ED4B5145A}
		{29D93D95-7371-4C78-B484-4A749FDEB0FF} = {F84D4F30-716D-49AA-B552-DF13539C757E}
		{A2140B36-73D2-4956-867E-D0F42DB67809} = {F84D4F30-716D-49AA-B552-DF13539C757E}
		{1A556ED6-FB2A-48DB-A5E0-8CD5923035AE} = {3D324323-F548-411C-A2CF-55C1C9337174}
		{3D3C02A5-774D-4659-BDDE-3AF3CC2675CA} = {3D324323-F548-411C-A2CF-55C1C9337174}
		{716E1B2B-C0F4-450F-BCD0-95CF829126B9} = {0F8197F5-69C1-48A4-A52E-FAD21EBD30D0}
		{2C743124-C1C6-4B5D-A6C5-16819A726919} = {4B912E41-B967-4AA4-90DD-8951B964DC9F}
		{D96265E1-ECAE-4FEB-B9D4-9BAE991D6FCF} = {0F8197F5-69C1-48A4-A52E-FAD21EBD30D0}
		{80876E7D-9EF1-48FF-BA0F-F0EFF0AE098A} = {4B912E41-B967-4AA4-90DD-8951B964DC9F}
		{E17B343A-3159-4BF9-9043-A5E0F626954A} = {0F8197F5-69C1-48A4-A52E-FAD21EBD30D0}
		{B51BD897-01A8-4F16-AF5A-2A18EA1F43C3} = {4B912E41-B967-4AA4-90DD-8951B964DC9F}
		{FF4AD74A-0B1F-40E6-BF9A-7BC82DE96E8D} = {4B912E41-B967-4AA4-90DD-8951B964DC9F}
		{0F8197F5-69C1-48A4-A52E-FAD21EBD30D0} = {83BC3666-422D-4AF6-9632-390ED4B5145A}
		{4B912E41-B967-4AA4-90DD-8951B964DC9F} = {83BC3666-422D-4AF6-9632-390ED4B5145A}
	EndGlobalSection
EndGlobal
